Microsoft Visual Studio Solution File, Format Version 12.00
# Visual Studio 15
VisualStudioVersion = 15.0.28010.2041
MinimumVisualStudioVersion = 10.0.40219.1
Project("{9A19103F-16F7-4668-BE54-9A1E7A4F7556}") = "MyWebApi", "MyWebApi\MyWebApi.csproj", "{40EEE637-E3FF-4E29-8A7A-C7B831C81B9D}"
EndProject
Project("{9A19103F-16F7-4668-BE54-9A1E7A4F7556}") = "MyWebApi.Web.Core", "MyWebApi.Web.Core\MyWebApi.Web.Core.csproj", "{E2FB2C5B-7A2E-49F2-B1F2-B4CDB0B1BBBF}"
EndProject
Project("{9A19103F-16F7-4668-BE54-9A1E7A4F7556}") = "MyWebApi.Core", "MyWebApi.Core\MyWebApi.Core.csproj", "{FF9657CB-399D-447D-B92E-EC84A39A13B9}"
EndProject
Project("{9A19103F-16F7-4668-BE54-9A1E7A4F7556}") = "MyWebApi.EntityFramework", "MyWebApiEntityFrameWork\MyWebApi.EntityFramework.csproj", "{9AEE26AC-2BF2-4B18-A74E-FA4832D8FB76}"
EndProject
Project("{9A19103F-16F7-4668-BE54-9A1E7A4F7556}") = "MyWebApi.Domain", "MyWebApi.Domain\MyWebApi.Domain.csproj", "{CAC8985F-C6D6-43AA-985D-C40EA36650AE}"
EndProject
Project("{9A19103F-16F7-4668-BE54-9A1E7A4F7556}") = "MyWebApi.Migrator", "MyWebApi.Migrator\MyWebApi.Migrator.csproj", "{F2A0B3CD-6308-498C-8FE4-22BB6A037DC5}"
EndProject
Project("{9A19103F-16F7-4668-BE54-9A1E7A4F7556}") = "MyWebApi.Application", "MyWebApi.Application\MyWebApi.Application.csproj", "{EF5B5F06-9379-4DB4-9DBA-4786E2FA2E44}"
EndProject
Project("{2150E333-8FDC-42A3-9474-1A3956D46DE8}") = "src", "src", "{3CE803FD-0DA8-4785-98CE-816F519FB9E0}"
EndProject
Project("{2150E333-8FDC-42A3-9474-1A3956D46DE8}") = "test", "test", "{4BFC77E3-2BCF-4B1F-A56C-344FC0EA8BF5}"
EndProject
Project("{9A19103F-16F7-4668-BE54-9A1E7A4F7556}") = "ConsoleApp1", "ConsoleApp1\ConsoleApp1.csproj", "{FF6021F5-70F8-424F-973D-B03B6E7425BC}"
EndProject
Project("{9A19103F-16F7-4668-BE54-9A1E7A4F7556}") = "UnitTest", "UnitTest\UnitTest.csproj", "{BBC4054D-94AE-469C-BB5B-ED2575EA2FC1}"
EndProject
Project("{FAE04EC0-301F-11D3-BF4B-00C04F79EFBC}") = "AuthorizeServer", "AuthorizeServer\AuthorizeServer.csproj", "{EB21710C-AE5A-4C93-BEB1-522489F5D4BC}"
EndProject
Global
	GlobalSection(SolutionConfigurationPlatforms) = preSolution
		Debug|Any CPU = Debug|Any CPU
		Release|Any CPU = Release|Any CPU
	EndGlobalSection
	GlobalSection(ProjectConfigurationPlatforms) = postSolution
		{40EEE637-E3FF-4E29-8A7A-C7B831C81B9D}.Debug|Any CPU.ActiveCfg = Debug|Any CPU
		{40EEE637-E3FF-4E29-8A7A-C7B831C81B9D}.Debug|Any CPU.Build.0 = Debug|Any CPU
		{40EEE637-E3FF-4E29-8A7A-C7B831C81B9D}.Release|Any CPU.ActiveCfg = Release|Any CPU
		{40EEE637-E3FF-4E29-8A7A-C7B831C81B9D}.Release|Any CPU.Build.0 = Release|Any CPU
		{E2FB2C5B-7A2E-49F2-B1F2-B4CDB0B1BBBF}.Debug|Any CPU.ActiveCfg = Debug|Any CPU
		{E2FB2C5B-7A2E-49F2-B1F2-B4CDB0B1BBBF}.Debug|Any CPU.Build.0 = Debug|Any CPU
		{E2FB2C5B-7A2E-49F2-B1F2-B4CDB0B1BBBF}.Release|Any CPU.ActiveCfg = Release|Any CPU
		{E2FB2C5B-7A2E-49F2-B1F2-B4CDB0B1BBBF}.Release|Any CPU.Build.0 = Release|Any CPU
		{FF9657CB-399D-447D-B92E-EC84A39A13B9}.Debug|Any CPU.ActiveCfg = Debug|Any CPU
		{FF9657CB-399D-447D-B92E-EC84A39A13B9}.Debug|Any CPU.Build.0 = Debug|Any CPU
		{FF9657CB-399D-447D-B92E-EC84A39A13B9}.Release|Any CPU.ActiveCfg = Release|Any CPU
		{FF9657CB-399D-447D-B92E-EC84A39A13B9}.Release|Any CPU.Build.0 = Release|Any CPU
		{9AEE26AC-2BF2-4B18-A74E-FA4832D8FB76}.Debug|Any CPU.ActiveCfg = Debug|Any CPU
		{9AEE26AC-2BF2-4B18-A74E-FA4832D8FB76}.Debug|Any CPU.Build.0 = Debug|Any CPU
		{9AEE26AC-2BF2-4B18-A74E-FA4832D8FB76}.Release|Any CPU.ActiveCfg = Release|Any CPU
		{9AEE26AC-2BF2-4B18-A74E-FA4832D8FB76}.Release|Any CPU.Build.0 = Release|Any CPU
		{CAC8985F-C6D6-43AA-985D-C40EA36650AE}.Debug|Any CPU.ActiveCfg = Debug|Any CPU
		{CAC8985F-C6D6-43AA-985D-C40EA36650AE}.Debug|Any CPU.Build.0 = Debug|Any CPU
		{CAC8985F-C6D6-43AA-985D-C40EA36650AE}.Release|Any CPU.ActiveCfg = Release|Any CPU
		{CAC8985F-C6D6-43AA-985D-C40EA36650AE}.Release|Any CPU.Build.0 = Release|Any CPU
		{F2A0B3CD-6308-498C-8FE4-22BB6A037DC5}.Debug|Any CPU.ActiveCfg = Debug|Any CPU
		{F2A0B3CD-6308-498C-8FE4-22BB6A037DC5}.Debug|Any CPU.Build.0 = Debug|Any CPU
		{F2A0B3CD-6308-498C-8FE4-22BB6A037DC5}.Release|Any CPU.ActiveCfg = Release|Any CPU
		{F2A0B3CD-6308-498C-8FE4-22BB6A037DC5}.Release|Any CPU.Build.0 = Release|Any CPU
		{EF5B5F06-9379-4DB4-9DBA-4786E2FA2E44}.Debug|Any CPU.ActiveCfg = Debug|Any CPU
		{EF5B5F06-9379-4DB4-9DBA-4786E2FA2E44}.Debug|Any CPU.Build.0 = Debug|Any CPU
		{EF5B5F06-9379-4DB4-9DBA-4786E2FA2E44}.Release|Any CPU.ActiveCfg = Release|Any CPU
		{EF5B5F06-9379-4DB4-9DBA-4786E2FA2E44}.Release|Any CPU.Build.0 = Release|Any CPU
		{FF6021F5-70F8-424F-973D-B03B6E7425BC}.Debug|Any CPU.ActiveCfg = Debug|Any CPU
		{FF6021F5-70F8-424F-973D-B03B6E7425BC}.Debug|Any CPU.Build.0 = Debug|Any CPU
		{FF6021F5-70F8-424F-973D-B03B6E7425BC}.Release|Any CPU.ActiveCfg = Release|Any CPU
		{FF6021F5-70F8-424F-973D-B03B6E7425BC}.Release|Any CPU.Build.0 = Release|Any CPU
		{BBC4054D-94AE-469C-BB5B-ED2575EA2FC1}.Debug|Any CPU.ActiveCfg = Debug|Any CPU
		{BBC4054D-94AE-469C-BB5B-ED2575EA2FC1}.Debug|Any CPU.Build.0 = Debug|Any CPU
		{BBC4054D-94AE-469C-BB5B-ED2575EA2FC1}.Release|Any CPU.ActiveCfg = Release|Any CPU
		{BBC4054D-94AE-469C-BB5B-ED2575EA2FC1}.Release|Any CPU.Build.0 = Release|Any CPU
		{EB21710C-AE5A-4C93-BEB1-522489F5D4BC}.Debug|Any CPU.ActiveCfg = Debug|Any CPU
		{EB21710C-AE5A-4C93-BEB1-522489F5D4BC}.Debug|Any CPU.Build.0 = Debug|Any CPU
		{EB21710C-AE5A-4C93-BEB1-522489F5D4BC}.Release|Any CPU.ActiveCfg = Release|Any CPU
		{EB21710C-AE5A-4C93-BEB1-522489F5D4BC}.Release|Any CPU.Build.0 = Release|Any CPU
	EndGlobalSection
	GlobalSection(SolutionProperties) = preSolution
		HideSolutionNode = FALSE
	EndGlobalSection
	GlobalSection(NestedProjects) = preSolution
		{40EEE637-E3FF-4E29-8A7A-C7B831C81B9D} = {3CE803FD-0DA8-4785-98CE-816F519FB9E0}
		{E2FB2C5B-7A2E-49F2-B1F2-B4CDB0B1BBBF} = {3CE803FD-0DA8-4785-98CE-816F519FB9E0}
		{FF9657CB-399D-447D-B92E-EC84A39A13B9} = {3CE803FD-0DA8-4785-98CE-816F519FB9E0}
		{9AEE26AC-2BF2-4B18-A74E-FA4832D8FB76} = {3CE803FD-0DA8-4785-98CE-816F519FB9E0}
		{CAC8985F-C6D6-43AA-985D-C40EA36650AE} = {3CE803FD-0DA8-4785-98CE-816F519FB9E0}
		{F2A0B3CD-6308-498C-8FE4-22BB6A037DC5} = {3CE803FD-0DA8-4785-98CE-816F519FB9E0}
		{EF5B5F06-9379-4DB4-9DBA-4786E2FA2E44} = {3CE803FD-0DA8-4785-98CE-816F519FB9E0}
		{FF6021F5-70F8-424F-973D-B03B6E7425BC} = {4BFC77E3-2BCF-4B1F-A56C-344FC0EA8BF5}
		{EB21710C-AE5A-4C93-BEB1-522489F5D4BC} = {3CE803FD-0DA8-4785-98CE-816F519FB9E0}
	EndGlobalSection
	GlobalSection(ExtensibilityGlobals) = postSolution
		SolutionGuid = {9F6997E6-752A-44B8-897B-18F9476C14C1}
	EndGlobalSection
EndGlobal
